
Microsoft Visual Studio Solution File, Format Version 12.00
# Visual Studio Version 16
VisualStudioVersion = 16.0.29418.71
MinimumVisualStudioVersion = 10.0.40219.1
Project("{FAE04EC0-301F-11D3-BF4B-00C04F79EFBC}") = "Kraken", "Kraken.csproj", "{E50FE304-C795-49FD-A96A-0D6FAF76091A}"
EndProject
Global
	GlobalSection(SolutionConfigurationPlatforms) = preSolution
		Debug|Any CPU = Debug|Any CPU
		Release|Any CPU = Release|Any CPU
	EndGlobalSection
	GlobalSection(ProjectConfigurationPlatforms) = postSolution
		{E50FE304-C795-49FD-A96A-0D6FAF76091A}.Debug|Any CPU.ActiveCfg = Debug|Any CPU
		{E50FE304-C795-49FD-A96A-0D6FAF76091A}.Debug|Any CPU.Build.0 = Debug|Any CPU
		{E50FE304-C795-49FD-A96A-0D6FAF76091A}.Release|Any CPU.ActiveCfg = Release|Any CPU
		{E50FE304-C795-49FD-A96A-0D6FAF76091A}.Release|Any CPU.Build.0 = Release|Any CPU
	EndGlobalSection
	GlobalSection(SolutionProperties) = preSolution
		HideSolutionNode = FALSE
	EndGlobalSection
	GlobalSection(ExtensibilityGlobals) = postSolution
		SolutionGuid = {B73872A6-1180-4619-BA70-4F57888C43E6}
	EndGlobalSection
EndGlobal
